// !$*UTF8*$!
{
	archiveVersion = 1;
	classes = {
	};
	objectVersion = 50;
	objects = {

/* Begin PBXBuildFile section */
		1A4BF96B2143DBD2001B1315 /* AppDelegate.swift in Sources */ = {isa = PBXBuildFile; fileRef = 1A4BF96A2143DBD2001B1315 /* AppDelegate.swift */; };
		1A4BF96D2143DBD2001B1315 /* ViewController.swift in Sources */ = {isa = PBXBuildFile; fileRef = 1A4BF96C2143DBD2001B1315 /* ViewController.swift */; };
		1A4BF9702143DBD2001B1315 /* Main.storyboard in Resources */ = {isa = PBXBuildFile; fileRef = 1A4BF96E2143DBD2001B1315 /* Main.storyboard */; };
		1A4BF9722143DBD4001B1315 /* Assets.xcassets in Resources */ = {isa = PBXBuildFile; fileRef = 1A4BF9712143DBD4001B1315 /* Assets.xcassets */; };
		1A4BF9752143DBD4001B1315 /* LaunchScreen.storyboard in Resources */ = {isa = PBXBuildFile; fileRef = 1A4BF9732143DBD4001B1315 /* LaunchScreen.storyboard */; };
		355FEC4B2DA5213B4241397C /* Pods_testIgnoreFile.framework in Frameworks */ = {isa = PBXBuildFile; fileRef = CFA9A551794868F04C325694 /* Pods_testIgnoreFile.framework */; };
/* End PBXBuildFile section */

/* Begin PBXFileReference section */
		1A4BF9672143DBD2001B1315 /* testIgnoreFile.app */ = {isa = PBXFileReference; explicitFileType = wrapper.application; includeInIndex = 0; path = testIgnoreFile.app; sourceTree = BUILT_PRODUCTS_DIR; };
		1A4BF96A2143DBD2001B1315 /* AppDelegate.swift */ = {isa = PBXFileReference; lastKnownFileType = sourcecode.swift; path = AppDelegate.swift; sourceTree = "<group>"; };
		1A4BF96C2143DBD2001B1315 /* ViewController.swift */ = {isa = PBXFileReference; lastKnownFileType = sourcecode.swift; path = ViewController.swift; sourceTree = "<group>"; };
		1A4BF96F2143DBD2001B1315 /* Base */ = {isa = PBXFileReference; lastKnownFileType = file.storyboard; name = Base; path = Base.lproj/Main.storyboard; sourceTree = "<group>"; };
		1A4BF9712143DBD4001B1315 /* Assets.xcassets */ = {isa = PBXFileReference; lastKnownFileType = folder.assetcatalog; path = Assets.xcassets; sourceTree = "<group>"; };
		1A4BF9742143DBD4001B1315 /* Base */ = {isa = PBXFileReference; lastKnownFileType = file.storyboard; name = Base; path = Base.lproj/LaunchScreen.storyboard; sourceTree = "<group>"; };
		1A4BF9762143DBD4001B1315 /* Info.plist */ = {isa = PBXFileReference; lastKnownFileType = text.plist.xml; path = Info.plist; sourceTree = "<group>"; };
		430E4FA8C4C4301D2A70D634 /* Pods-testIgnoreFile.debug.xcconfig */ = {isa = PBXFileReference; includeInIndex = 1; lastKnownFileType = text.xcconfig; name = "Pods-testIgnoreFile.debug.xcconfig"; path = "Target Support Files/Pods-testIgnoreFile/Pods-testIgnoreFile.debug.xcconfig"; sourceTree = "<group>"; };
		97809A8B9FE07F87A65CE58B /* Pods-testIgnoreFile.release.xcconfig */ = {isa = PBXFileReference; includeInIndex = 1; lastKnownFileType = text.xcconfig; name = "Pods-testIgnoreFile.release.xcconfig"; path = "Target Support Files/Pods-testIgnoreFile/Pods-testIgnoreFile.release.xcconfig"; sourceTree = "<group>"; };
		CFA9A551794868F04C325694 /* Pods_testIgnoreFile.framework */ = {isa = PBXFileReference; explicitFileType = wrapper.framework; includeInIndex = 0; path = Pods_testIgnoreFile.framework; sourceTree = BUILT_PRODUCTS_DIR; };
/* End PBXFileReference section */

/* Begin PBXFrameworksBuildPhase section */
		1A4BF9642143DBD2001B1315 /* Frameworks */ = {
			isa = PBXFrameworksBuildPhase;
			buildActionMask = 2147483647;
			files = (
				355FEC4B2DA5213B4241397C /* Pods_testIgnoreFile.framework in Frameworks */,
			);
			runOnlyForDeploymentPostprocessing = 0;
		};
/* End PBXFrameworksBuildPhase section */

/* Begin PBXGroup section */
		1A4BF95E2143DBD2001B1315 = {
			isa = PBXGroup;
			children = (
				1A4BF9692143DBD2001B1315 /* testIgnoreFile */,
				1A4BF9682143DBD2001B1315 /* Products */,
				43EB14DB012D0364FBF4E77A /* Pods */,
				B4E6EC8EB4AEF4A1DCD6DE72 /* Frameworks */,
			);
			sourceTree = "<group>";
		};
		1A4BF9682143DBD2001B1315 /* Products */ = {
			isa = PBXGroup;
			children = (
				1A4BF9672143DBD2001B1315 /* testIgnoreFile.app */,
			);
			name = Products;
			sourceTree = "<group>";
		};
		1A4BF9692143DBD2001B1315 /* testIgnoreFile */ = {
			isa = PBXGroup;
			children = (
				1A4BF96A2143DBD2001B1315 /* AppDelegate.swift */,
				1A4BF96C2143DBD2001B1315 /* ViewController.swift */,
				1A4BF96E2143DBD2001B1315 /* Main.storyboard */,
				1A4BF9712143DBD4001B1315 /* Assets.xcassets */,
				1A4BF9732143DBD4001B1315 /* LaunchScreen.storyboard */,
				1A4BF9762143DBD4001B1315 /* Info.plist */,
			);
			path = testIgnoreFile;
			sourceTree = "<group>";
		};
		43EB14DB012D0364FBF4E77A /* Pods */ = {
			isa = PBXGroup;
			children = (
				430E4FA8C4C4301D2A70D634 /* Pods-testIgnoreFile.debug.xcconfig */,
				97809A8B9FE07F87A65CE58B /* Pods-testIgnoreFile.release.xcconfig */,
			);
			name = Pods;
			path = Pods;
			sourceTree = "<group>";
		};
		B4E6EC8EB4AEF4A1DCD6DE72 /* Frameworks */ = {
			isa = PBXGroup;
			children = (
				CFA9A551794868F04C325694 /* Pods_testIgnoreFile.framework */,
			);
			name = Frameworks;
			sourceTree = "<group>";
		};
/* End PBXGroup section */

/* Begin PBXNativeTarget section */
		1A4BF9662143DBD2001B1315 /* testIgnoreFile */ = {
			isa = PBXNativeTarget;
			buildConfigurationList = 1A4BF9792143DBD4001B1315 /* Build configuration list for PBXNativeTarget "testIgnoreFile" */;
			buildPhases = (
				6627C6080B71A674580E3D19 /* [CP] Check Pods Manifest.lock */,
				1A4BF9632143DBD2001B1315 /* Sources */,
				1A4BF9642143DBD2001B1315 /* Frameworks */,
				1A4BF9652143DBD2001B1315 /* Resources */,
				A34A900EA72BB58E18455988 /* [CP] Embed Pods Frameworks */,
			);
			buildRules = (
			);
			dependencies = (
			);
			name = testIgnoreFile;
			productName = testIgnoreFile;
			productReference = 1A4BF9672143DBD2001B1315 /* testIgnoreFile.app */;
			productType = "com.apple.product-type.application";
		};
/* End PBXNativeTarget section */

/* Begin PBXProject section */
		1A4BF95F2143DBD2001B1315 /* Project object */ = {
			isa = PBXProject;
			attributes = {
				LastSwiftUpdateCheck = 0940;
				LastUpgradeCheck = 0940;
				ORGANIZATIONNAME = ICloud;
				TargetAttributes = {
					1A4BF9662143DBD2001B1315 = {
						CreatedOnToolsVersion = 9.4.1;
					};
				};
			};
			buildConfigurationList = 1A4BF9622143DBD2001B1315 /* Build configuration list for PBXProject "testIgnoreFile" */;
			compatibilityVersion = "Xcode 9.3";
			developmentRegion = en;
			hasScannedForEncodings = 0;
			knownRegions = (
				en,
				Base,
			);
			mainGroup = 1A4BF95E2143DBD2001B1315;
			productRefGroup = 1A4BF9682143DBD2001B1315 /* Products */;
			projectDirPath = "";
			projectRoot = "";
			targets = (
				1A4BF9662143DBD2001B1315 /* testIgnoreFile */,
			);
		};
/* End PBXProject section */

/* Begin PBXResourcesBuildPhase section */
		1A4BF9652143DBD2001B1315 /* Resources */ = {
			isa = PBXResourcesBuildPhase;
			buildActionMask = 2147483647;
			files = (
				1A4BF9752143DBD4001B1315 /* LaunchScreen.storyboard in Resources */,
				1A4BF9722143DBD4001B1315 /* Assets.xcassets in Resources */,
				1A4BF9702143DBD2001B1315 /* Main.storyboard in Resources */,
			);
			runOnlyForDeploymentPostprocessing = 0;
		};
/* End PBXResourcesBuildPhase section */

/* Begin PBXShellScriptBuildPhase section */
		6627C6080B71A674580E3D19 /* [CP] Check Pods Manifest.lock */ = {
			isa = PBXShellScriptBuildPhase;
			buildActionMask = 2147483647;
			files = (
			);
			inputFileListPaths = (
			);
			inputPaths = (
				"${PODS_PODFILE_DIR_PATH}/Podfile.lock",
				"${PODS_ROOT}/Manifest.lock",
			);
			name = "[CP] Check Pods Manifest.lock";
			outputFileListPaths = (
			);
			outputPaths = (
				"$(DERIVED_FILE_DIR)/Pods-testIgnoreFile-checkManifestLockResult.txt",
			);
			runOnlyForDeploymentPostprocessing = 0;
			shellPath = /bin/sh;
			shellScript = "diff \"${PODS_PODFILE_DIR_PATH}/Podfile.lock\" \"${PODS_ROOT}/Manifest.lock\" > /dev/null\nif [ $? != 0 ] ; then\n    # print error to STDERR\n    echo \"error: The sandbox is not in sync with the Podfile.lock. Run 'pod install' or update your CocoaPods installation.\" >&2\n    exit 1\nfi\n# This output is used by Xcode 'outputs' to avoid re-running this script phase.\necho \"SUCCESS\" > \"${SCRIPT_OUTPUT_FILE_0}\"\n";
			showEnvVarsInLog = 0;
		};
		A34A900EA72BB58E18455988 /* [CP] Embed Pods Frameworks */ = {
			isa = PBXShellScriptBuildPhase;
			buildActionMask = 2147483647;
			files = (
			);
			inputFileListPaths = (
			);
			inputPaths = (
				"${PODS_ROOT}/Target Support Files/Pods-testIgnoreFile/Pods-testIgnoreFile-frameworks.sh",
				"${BUILT_PRODUCTS_DIR}/AFNetworking/AFNetworking.framework",
				"${BUILT_PRODUCTS_DIR}/MJExtension/MJExtension.framework",
				"${BUILT_PRODUCTS_DIR}/SDWebImage/SDWebImage.framework",
				"${BUILT_PRODUCTS_DIR}/SomeSwiftExtensions/SomeSwiftExtensions.framework",
				"${BUILT_PRODUCTS_DIR}/TBCloudHttpRequester/TBCloudHttpRequester.framework",
				"${BUILT_PRODUCTS_DIR}/YTKNetwork/YTKNetwork.framework",
				"${BUILT_PRODUCTS_DIR}/tSmartSDK/tSmartSDK.framework",
			);
			name = "[CP] Embed Pods Frameworks";
			outputFileListPaths = (
			);
			outputPaths = (
				"${TARGET_BUILD_DIR}/${FRAMEWORKS_FOLDER_PATH}/AFNetworking.framework",
				"${TARGET_BUILD_DIR}/${FRAMEWORKS_FOLDER_PATH}/MJExtension.framework",
				"${TARGET_BUILD_DIR}/${FRAMEWORKS_FOLDER_PATH}/SDWebImage.framework",
				"${TARGET_BUILD_DIR}/${FRAMEWORKS_FOLDER_PATH}/SomeSwiftExtensions.framework",
				"${TARGET_BUILD_DIR}/${FRAMEWORKS_FOLDER_PATH}/TBCloudHttpRequester.framework",
				"${TARGET_BUILD_DIR}/${FRAMEWORKS_FOLDER_PATH}/YTKNetwork.framework",
				"${TARGET_BUILD_DIR}/${FRAMEWORKS_FOLDER_PATH}/tSmartSDK.framework",
			);
			runOnlyForDeploymentPostprocessing = 0;
			shellPath = /bin/sh;
			shellScript = "\"${PODS_ROOT}/Target Support Files/Pods-testIgnoreFile/Pods-testIgnoreFile-frameworks.sh\"\n";
			showEnvVarsInLog = 0;
		};
/* End PBXShellScriptBuildPhase section */

/* Begin PBXSourcesBuildPhase section */
		1A4BF9632143DBD2001B1315 /* Sources */ = {
			isa = PBXSourcesBuildPhase;
			buildActionMask = 2147483647;
			files = (
				1A4BF96D2143DBD2001B1315 /* ViewController.swift in Sources */,
				1A4BF96B2143DBD2001B1315 /* AppDelegate.swift in Sources */,
			);
			runOnlyForDeploymentPostprocessing = 0;
		};
/* End PBXSourcesBuildPhase section */

/* Begin PBXVariantGroup section */
		1A4BF96E2143DBD2001B1315 /* Main.storyboard */ = {
			isa = PBXVariantGroup;
			children = (
				1A4BF96F2143DBD2001B1315 /* Base */,
			);
			name = Main.storyboard;
			sourceTree = "<group>";
		};
		1A4BF9732143DBD4001B1315 /* LaunchScreen.storyboard */ = {
			isa = PBXVariantGroup;
			children = (
				1A4BF9742143DBD4001B1315 /* Base */,
			);
			name = LaunchScreen.storyboard;
			sourceTree = "<group>";
		};
/* End PBXVariantGroup section */

/* Begin XCBuildConfiguration section */
		1A4BF9772143DBD4001B1315 /* Debug */ = {
			isa = XCBuildConfiguration;
			buildSettings = {
				ALWAYS_SEARCH_USER_PATHS = NO;
				CLANG_ANALYZER_NONNULL = YES;
				CLANG_ANALYZER_NUMBER_OBJECT_CONVERSION = YES_AGGRESSIVE;
				CLANG_CXX_LANGUAGE_STANDARD = "gnu++14";
				CLANG_CXX_LIBRARY = "libc++";
				CLANG_ENABLE_MODULES = YES;
				CLANG_ENABLE_OBJC_ARC = YES;
				CLANG_ENABLE_OBJC_WEAK = YES;
				CLANG_WARN_BLOCK_CAPTURE_AUTORELEASING = YES;
				CLANG_WARN_BOOL_CONVERSION = YES;
				CLANG_WARN_COMMA = YES;
				CLANG_WARN_CONSTANT_CONVERSION = YES;
				CLANG_WARN_DEPRECATED_OBJC_IMPLEMENTATIONS = YES;
				CLANG_WARN_DIRECT_OBJC_ISA_USAGE = YES_ERROR;
				CLANG_WARN_DOCUMENTATION_COMMENTS = YES;
				CLANG_WARN_EMPTY_BODY = YES;
				CLANG_WARN_ENUM_CONVERSION = YES;
				CLANG_WARN_INFINITE_RECURSION = YES;
				CLANG_WARN_INT_CONVERSION = YES;
				CLANG_WARN_NON_LITERAL_NULL_CONVERSION = YES;
				CLANG_WARN_OBJC_IMPLICIT_RETAIN_SELF = YES;
				CLANG_WARN_OBJC_LITERAL_CONVERSION = YES;
				CLANG_WARN_OBJC_ROOT_CLASS = YES_ERROR;
				CLANG_WARN_RANGE_LOOP_ANALYSIS = YES;
				CLANG_WARN_STRICT_PROTOTYPES = YES;
				CLANG_WARN_SUSPICIOUS_MOVE = YES;
				CLANG_WARN_UNGUARDED_AVAILABILITY = YES_AGGRESSIVE;
				CLANG_WARN_UNREACHABLE_CODE = YES;
				CLANG_WARN__DUPLICATE_METHOD_MATCH = YES;
				CODE_SIGN_IDENTITY = "iPhone Developer";
				COPY_PHASE_STRIP = NO;
				DEBUG_INFORMATION_FORMAT = dwarf;
				ENABLE_STRICT_OBJC_MSGSEND = YES;
				ENABLE_TESTABILITY = YES;
				GCC_C_LANGUAGE_STANDARD = gnu11;
				GCC_DYNAMIC_NO_PIC = NO;
				GCC_NO_COMMON_BLOCKS = YES;
				GCC_OPTIMIZATION_LEVEL = 0;
				GCC_PREPROCESSOR_DEFINITIONS = (
					"DEBUG=1",
					"$(inherited)",
				);
				GCC_WARN_64_TO_32_BIT_CONVERSION = YES;
				GCC_WARN_ABOUT_RETURN_TYPE = YES_ERROR;
				GCC_WARN_UNDECLARED_SELECTOR = YES;
				GCC_WARN_UNINITIALIZED_AUTOS = YES_AGGRESSIVE;
				GCC_WARN_UNUSED_FUNCTION = YES;
				GCC_WARN_UNUSED_VARIABLE = YES;
				IPHONEOS_DEPLOYMENT_TARGET = 11.4;
				MTL_ENABLE_DEBUG_INFO = YES;
				ONLY_ACTIVE_ARCH = YES;
				SDKROOT = iphoneos;
				SWIFT_ACTIVE_COMPILATION_CONDITIONS = DEBUG;
				SWIFT_OPTIMIZATION_LEVEL = "-Onone";
			};
			name = Debug;
		};
		1A4BF9782143DBD4001B1315 /* Release */ = {
			isa = XCBuildConfiguration;
			buildSettings = {
				ALWAYS_SEARCH_USER_PATHS = NO;
				CLANG_ANALYZER_NONNULL = YES;
				CLANG_ANALYZER_NUMBER_OBJECT_CONVERSION = YES_AGGRESSIVE;
				CLANG_CXX_LANGUAGE_STANDARD = "gnu++14";
				CLANG_CXX_LIBRARY = "libc++";
				CLANG_ENABLE_MODULES = YES;
				CLANG_ENABLE_OBJC_ARC = YES;
				CLANG_ENABLE_OBJC_WEAK = YES;
				CLANG_WARN_BLOCK_CAPTURE_AUTORELEASING = YES;
				CLANG_WARN_BOOL_CONVERSION = YES;
				CLANG_WARN_COMMA = YES;
				CLANG_WARN_CONSTANT_CONVERSION = YES;
				CLANG_WARN_DEPRECATED_OBJC_IMPLEMENTATIONS = YES;
				CLANG_WARN_DIRECT_OBJC_ISA_USAGE = YES_ERROR;
				CLANG_WARN_DOCUMENTATION_COMMENTS = YES;
				CLANG_WARN_EMPTY_BODY = YES;
				CLANG_WARN_ENUM_CONVERSION = YES;
				CLANG_WARN_INFINITE_RECURSION = YES;
				CLANG_WARN_INT_CONVERSION = YES;
				CLANG_WARN_NON_LITERAL_NULL_CONVERSION = YES;
				CLANG_WARN_OBJC_IMPLICIT_RETAIN_SELF = YES;
				CLANG_WARN_OBJC_LITERAL_CONVERSION = YES;
				CLANG_WARN_OBJC_ROOT_CLASS = YES_ERROR;
				CLANG_WARN_RANGE_LOOP_ANALYSIS = YES;
				CLANG_WARN_STRICT_PROTOTYPES = YES;
				CLANG_WARN_SUSPICIOUS_MOVE = YES;
				CLANG_WARN_UNGUARDED_AVAILABILITY = YES_AGGRESSIVE;
				CLANG_WARN_UNREACHABLE_CODE = YES;
				CLANG_WARN__DUPLICATE_METHOD_MATCH = YES;
				CODE_SIGN_IDENTITY = "iPhone Developer";
				COPY_PHASE_STRIP = NO;
				DEBUG_INFORMATION_FORMAT = "dwarf-with-dsym";
				ENABLE_NS_ASSERTIONS = NO;
				ENABLE_STRICT_OBJC_MSGSEND = YES;
				GCC_C_LANGUAGE_STANDARD = gnu11;
				GCC_NO_COMMON_BLOCKS = YES;
				GCC_WARN_64_TO_32_BIT_CONVERSION = YES;
				GCC_WARN_ABOUT_RETURN_TYPE = YES_ERROR;
				GCC_WARN_UNDECLARED_SELECTOR = YES;
				GCC_WARN_UNINITIALIZED_AUTOS = YES_AGGRESSIVE;
				GCC_WARN_UNUSED_FUNCTION = YES;
				GCC_WARN_UNUSED_VARIABLE = YES;
				IPHONEOS_DEPLOYMENT_TARGET = 11.4;
				MTL_ENABLE_DEBUG_INFO = NO;
				SDKROOT = iphoneos;
				SWIFT_COMPILATION_MODE = wholemodule;
				SWIFT_OPTIMIZATION_LEVEL = "-O";
				VALIDATE_PRODUCT = YES;
			};
			name = Release;
		};
		1A4BF97A2143DBD4001B1315 /* Debug */ = {
			isa = XCBuildConfiguration;
			baseConfigurationReference = 430E4FA8C4C4301D2A70D634 /* Pods-testIgnoreFile.debug.xcconfig */;
			buildSettings = {
				ASSETCATALOG_COMPILER_APPICON_NAME = AppIcon;
				CODE_SIGN_STYLE = Automatic;
				DEVELOPMENT_TEAM = N328N2YE4V;
				INFOPLIST_FILE = testIgnoreFile/Info.plist;
				LD_RUNPATH_SEARCH_PATHS = (
					"$(inherited)",
					"@executable_path/Frameworks",
				);
				PRODUCT_BUNDLE_IDENTIFIER = com.lemon.testIgnoreFile;
				PRODUCT_NAME = "$(TARGET_NAME)";
				SWIFT_VERSION = 4.0;
				TARGETED_DEVICE_FAMILY = "1,2";
			};
			name = Debug;
		};
		1A4BF97B2143DBD4001B1315 /* Release */ = {
			isa = XCBuildConfiguration;
			baseConfigurationReference = 97809A8B9FE07F87A65CE58B /* Pods-testIgnoreFile.release.xcconfig */;
			buildSettings = {
				ASSETCATALOG_COMPILER_APPICON_NAME = AppIcon;
				CODE_SIGN_STYLE = Automatic;
				DEVELOPMENT_TEAM = N328N2YE4V;
				INFOPLIST_FILE = testIgnoreFile/Info.plist;
				LD_RUNPATH_SEARCH_PATHS = (
					"$(inherited)",
					"@executable_path/Frameworks",
				);
				PRODUCT_BUNDLE_IDENTIFIER = com.lemon.testIgnoreFile;
				PRODUCT_NAME = "$(TARGET_NAME)";
				SWIFT_VERSION = 4.0;
				TARGETED_DEVICE_FAMILY = "1,2";
			};
			name = Release;
		};
/* End XCBuildConfiguration section */

/* Begin XCConfigurationList section */
		1A4BF9622143DBD2001B1315 /* Build configuration list for PBXProject "testIgnoreFile" */ = {
			isa = XCConfigurationList;
			buildConfigurations = (
				1A4BF9772143DBD4001B1315 /* Debug */,
				1A4BF9782143DBD4001B1315 /* Release */,
			);
			defaultConfigurationIsVisible = 0;
			defaultConfigurationName = Release;
		};
		1A4BF9792143DBD4001B1315 /* Build configuration list for PBXNativeTarget "testIgnoreFile" */ = {
			isa = XCConfigurationList;
			buildConfigurations = (
				1A4BF97A2143DBD4001B1315 /* Debug */,
				1A4BF97B2143DBD4001B1315 /* Release */,
			);
			defaultConfigurationIsVisible = 0;
			defaultConfigurationName = Release;
		};
/* End XCConfigurationList section */
	};
	rootObject = 1A4BF95F2143DBD2001B1315 /* Project object */;
}
