// !$*UTF8*$!
{
	archiveVersion = 1;
	classes = {
	};
	objectVersion = 50;
	objects = {

/* Begin PBXBuildFile section */
		1A5002922355D0BA00B4447C /* AppDelegate.swift in Sources */ = {isa = PBXBuildFile; fileRef = 1A5002912355D0BA00B4447C /* AppDelegate.swift */; };
		1A5002942355D0BA00B4447C /* ViewController.swift in Sources */ = {isa = PBXBuildFile; fileRef = 1A5002932355D0BA00B4447C /* ViewController.swift */; };
		1A5002972355D0BA00B4447C /* Main.storyboard in Resources */ = {isa = PBXBuildFile; fileRef = 1A5002952355D0BA00B4447C /* Main.storyboard */; };
		1A5002992355D0BC00B4447C /* Assets.xcassets in Resources */ = {isa = PBXBuildFile; fileRef = 1A5002982355D0BC00B4447C /* Assets.xcassets */; };
		1A50029C2355D0BC00B4447C /* LaunchScreen.storyboard in Resources */ = {isa = PBXBuildFile; fileRef = 1A50029A2355D0BC00B4447C /* LaunchScreen.storyboard */; };
		1A5002A62355D12600B4447C /* StoreViewController.swift in Sources */ = {isa = PBXBuildFile; fileRef = 1A5002A32355D12600B4447C /* StoreViewController.swift */; };
		1A5002A72355D12600B4447C /* WebKitViewController.swift in Sources */ = {isa = PBXBuildFile; fileRef = 1A5002A42355D12600B4447C /* WebKitViewController.swift */; };
		1A5002A82355D12600B4447C /* WebViewController.swift in Sources */ = {isa = PBXBuildFile; fileRef = 1A5002A52355D12600B4447C /* WebViewController.swift */; };
		1A5002AB2355D26200B4447C /* MobileCoreServices.framework in Frameworks */ = {isa = PBXBuildFile; fileRef = 1A5002AA2355D26200B4447C /* MobileCoreServices.framework */; };
/* End PBXBuildFile section */

/* Begin PBXFileReference section */
		1A50028E2355D0BA00B4447C /* webViewDemo.app */ = {isa = PBXFileReference; explicitFileType = wrapper.application; includeInIndex = 0; path = webViewDemo.app; sourceTree = BUILT_PRODUCTS_DIR; };
		1A5002912355D0BA00B4447C /* AppDelegate.swift */ = {isa = PBXFileReference; lastKnownFileType = sourcecode.swift; path = AppDelegate.swift; sourceTree = "<group>"; };
		1A5002932355D0BA00B4447C /* ViewController.swift */ = {isa = PBXFileReference; lastKnownFileType = sourcecode.swift; path = ViewController.swift; sourceTree = "<group>"; };
		1A5002962355D0BA00B4447C /* Base */ = {isa = PBXFileReference; lastKnownFileType = file.storyboard; name = Base; path = Base.lproj/Main.storyboard; sourceTree = "<group>"; };
		1A5002982355D0BC00B4447C /* Assets.xcassets */ = {isa = PBXFileReference; lastKnownFileType = folder.assetcatalog; path = Assets.xcassets; sourceTree = "<group>"; };
		1A50029B2355D0BC00B4447C /* Base */ = {isa = PBXFileReference; lastKnownFileType = file.storyboard; name = Base; path = Base.lproj/LaunchScreen.storyboard; sourceTree = "<group>"; };
		1A50029D2355D0BC00B4447C /* Info.plist */ = {isa = PBXFileReference; lastKnownFileType = text.plist.xml; path = Info.plist; sourceTree = "<group>"; };
		1A5002A32355D12600B4447C /* StoreViewController.swift */ = {isa = PBXFileReference; fileEncoding = 4; lastKnownFileType = sourcecode.swift; name = StoreViewController.swift; path = ../../SignInWithApple/SignInWithApple/StoreViewController.swift; sourceTree = "<group>"; };
		1A5002A42355D12600B4447C /* WebKitViewController.swift */ = {isa = PBXFileReference; fileEncoding = 4; lastKnownFileType = sourcecode.swift; name = WebKitViewController.swift; path = ../../SignInWithApple/SignInWithApple/WebKitViewController.swift; sourceTree = "<group>"; };
		1A5002A52355D12600B4447C /* WebViewController.swift */ = {isa = PBXFileReference; fileEncoding = 4; lastKnownFileType = sourcecode.swift; name = WebViewController.swift; path = ../../SignInWithApple/SignInWithApple/WebViewController.swift; sourceTree = "<group>"; };
		1A5002AA2355D26200B4447C /* MobileCoreServices.framework */ = {isa = PBXFileReference; lastKnownFileType = wrapper.framework; name = MobileCoreServices.framework; path = System/Library/Frameworks/MobileCoreServices.framework; sourceTree = SDKROOT; };
/* End PBXFileReference section */

/* Begin PBXFrameworksBuildPhase section */
		1A50028B2355D0BA00B4447C /* Frameworks */ = {
			isa = PBXFrameworksBuildPhase;
			buildActionMask = 2147483647;
			files = (
				1A5002AB2355D26200B4447C /* MobileCoreServices.framework in Frameworks */,
			);
			runOnlyForDeploymentPostprocessing = 0;
		};
/* End PBXFrameworksBuildPhase section */

/* Begin PBXGroup section */
		1A5002852355D0BA00B4447C = {
			isa = PBXGroup;
			children = (
				1A5002902355D0BA00B4447C /* webViewDemo */,
				1A50028F2355D0BA00B4447C /* Products */,
				1A5002A92355D26100B4447C /* Frameworks */,
			);
			sourceTree = "<group>";
		};
		1A50028F2355D0BA00B4447C /* Products */ = {
			isa = PBXGroup;
			children = (
				1A50028E2355D0BA00B4447C /* webViewDemo.app */,
			);
			name = Products;
			sourceTree = "<group>";
		};
		1A5002902355D0BA00B4447C /* webViewDemo */ = {
			isa = PBXGroup;
			children = (
				1A5002912355D0BA00B4447C /* AppDelegate.swift */,
				1A5002932355D0BA00B4447C /* ViewController.swift */,
				1A5002A32355D12600B4447C /* StoreViewController.swift */,
				1A5002A42355D12600B4447C /* WebKitViewController.swift */,
				1A5002A52355D12600B4447C /* WebViewController.swift */,
				1A5002952355D0BA00B4447C /* Main.storyboard */,
				1A5002982355D0BC00B4447C /* Assets.xcassets */,
				1A50029A2355D0BC00B4447C /* LaunchScreen.storyboard */,
				1A50029D2355D0BC00B4447C /* Info.plist */,
			);
			path = webViewDemo;
			sourceTree = "<group>";
		};
		1A5002A92355D26100B4447C /* Frameworks */ = {
			isa = PBXGroup;
			children = (
				1A5002AA2355D26200B4447C /* MobileCoreServices.framework */,
			);
			name = Frameworks;
			sourceTree = "<group>";
		};
/* End PBXGroup section */

/* Begin PBXNativeTarget section */
		1A50028D2355D0BA00B4447C /* webViewDemo */ = {
			isa = PBXNativeTarget;
			buildConfigurationList = 1A5002A02355D0BC00B4447C /* Build configuration list for PBXNativeTarget "webViewDemo" */;
			buildPhases = (
				1A50028A2355D0BA00B4447C /* Sources */,
				1A50028B2355D0BA00B4447C /* Frameworks */,
				1A50028C2355D0BA00B4447C /* Resources */,
			);
			buildRules = (
			);
			dependencies = (
			);
			name = webViewDemo;
			productName = webViewDemo;
			productReference = 1A50028E2355D0BA00B4447C /* webViewDemo.app */;
			productType = "com.apple.product-type.application";
		};
/* End PBXNativeTarget section */

/* Begin PBXProject section */
		1A5002862355D0BA00B4447C /* Project object */ = {
			isa = PBXProject;
			attributes = {
				LastSwiftUpdateCheck = 1010;
				LastUpgradeCheck = 1010;
				ORGANIZATIONNAME = ICloud;
				TargetAttributes = {
					1A50028D2355D0BA00B4447C = {
						CreatedOnToolsVersion = 10.1;
					};
				};
			};
			buildConfigurationList = 1A5002892355D0BA00B4447C /* Build configuration list for PBXProject "webViewDemo" */;
			compatibilityVersion = "Xcode 9.3";
			developmentRegion = en;
			hasScannedForEncodings = 0;
			knownRegions = (
				en,
				Base,
			);
			mainGroup = 1A5002852355D0BA00B4447C;
			productRefGroup = 1A50028F2355D0BA00B4447C /* Products */;
			projectDirPath = "";
			projectRoot = "";
			targets = (
				1A50028D2355D0BA00B4447C /* webViewDemo */,
			);
		};
/* End PBXProject section */

/* Begin PBXResourcesBuildPhase section */
		1A50028C2355D0BA00B4447C /* Resources */ = {
			isa = PBXResourcesBuildPhase;
			buildActionMask = 2147483647;
			files = (
				1A50029C2355D0BC00B4447C /* LaunchScreen.storyboard in Resources */,
				1A5002992355D0BC00B4447C /* Assets.xcassets in Resources */,
				1A5002972355D0BA00B4447C /* Main.storyboard in Resources */,
			);
			runOnlyForDeploymentPostprocessing = 0;
		};
/* End PBXResourcesBuildPhase section */

/* Begin PBXSourcesBuildPhase section */
		1A50028A2355D0BA00B4447C /* Sources */ = {
			isa = PBXSourcesBuildPhase;
			buildActionMask = 2147483647;
			files = (
				1A5002942355D0BA00B4447C /* ViewController.swift in Sources */,
				1A5002922355D0BA00B4447C /* AppDelegate.swift in Sources */,
				1A5002A72355D12600B4447C /* WebKitViewController.swift in Sources */,
				1A5002A82355D12600B4447C /* WebViewController.swift in Sources */,
				1A5002A62355D12600B4447C /* StoreViewController.swift in Sources */,
			);
			runOnlyForDeploymentPostprocessing = 0;
		};
/* End PBXSourcesBuildPhase section */

/* Begin PBXVariantGroup section */
		1A5002952355D0BA00B4447C /* Main.storyboard */ = {
			isa = PBXVariantGroup;
			children = (
				1A5002962355D0BA00B4447C /* Base */,
			);
			name = Main.storyboard;
			sourceTree = "<group>";
		};
		1A50029A2355D0BC00B4447C /* LaunchScreen.storyboard */ = {
			isa = PBXVariantGroup;
			children = (
				1A50029B2355D0BC00B4447C /* Base */,
			);
			name = LaunchScreen.storyboard;
			sourceTree = "<group>";
		};
/* End PBXVariantGroup section */

/* Begin XCBuildConfiguration section */
		1A50029E2355D0BC00B4447C /* Debug */ = {
			isa = XCBuildConfiguration;
			buildSettings = {
				ALWAYS_SEARCH_USER_PATHS = NO;
				CLANG_ANALYZER_NONNULL = YES;
				CLANG_ANALYZER_NUMBER_OBJECT_CONVERSION = YES_AGGRESSIVE;
				CLANG_CXX_LANGUAGE_STANDARD = "gnu++14";
				CLANG_CXX_LIBRARY = "libc++";
				CLANG_ENABLE_MODULES = YES;
				CLANG_ENABLE_OBJC_ARC = YES;
				CLANG_ENABLE_OBJC_WEAK = YES;
				CLANG_WARN_BLOCK_CAPTURE_AUTORELEASING = YES;
				CLANG_WARN_BOOL_CONVERSION = YES;
				CLANG_WARN_COMMA = YES;
				CLANG_WARN_CONSTANT_CONVERSION = YES;
				CLANG_WARN_DEPRECATED_OBJC_IMPLEMENTATIONS = YES;
				CLANG_WARN_DIRECT_OBJC_ISA_USAGE = YES_ERROR;
				CLANG_WARN_DOCUMENTATION_COMMENTS = YES;
				CLANG_WARN_EMPTY_BODY = YES;
				CLANG_WARN_ENUM_CONVERSION = YES;
				CLANG_WARN_INFINITE_RECURSION = YES;
				CLANG_WARN_INT_CONVERSION = YES;
				CLANG_WARN_NON_LITERAL_NULL_CONVERSION = YES;
				CLANG_WARN_OBJC_IMPLICIT_RETAIN_SELF = YES;
				CLANG_WARN_OBJC_LITERAL_CONVERSION = YES;
				CLANG_WARN_OBJC_ROOT_CLASS = YES_ERROR;
				CLANG_WARN_RANGE_LOOP_ANALYSIS = YES;
				CLANG_WARN_STRICT_PROTOTYPES = YES;
				CLANG_WARN_SUSPICIOUS_MOVE = YES;
				CLANG_WARN_UNGUARDED_AVAILABILITY = YES_AGGRESSIVE;
				CLANG_WARN_UNREACHABLE_CODE = YES;
				CLANG_WARN__DUPLICATE_METHOD_MATCH = YES;
				CODE_SIGN_IDENTITY = "iPhone Developer";
				COPY_PHASE_STRIP = NO;
				DEBUG_INFORMATION_FORMAT = dwarf;
				ENABLE_STRICT_OBJC_MSGSEND = YES;
				ENABLE_TESTABILITY = YES;
				GCC_C_LANGUAGE_STANDARD = gnu11;
				GCC_DYNAMIC_NO_PIC = NO;
				GCC_NO_COMMON_BLOCKS = YES;
				GCC_OPTIMIZATION_LEVEL = 0;
				GCC_PREPROCESSOR_DEFINITIONS = (
					"DEBUG=1",
					"$(inherited)",
				);
				GCC_WARN_64_TO_32_BIT_CONVERSION = YES;
				GCC_WARN_ABOUT_RETURN_TYPE = YES_ERROR;
				GCC_WARN_UNDECLARED_SELECTOR = YES;
				GCC_WARN_UNINITIALIZED_AUTOS = YES_AGGRESSIVE;
				GCC_WARN_UNUSED_FUNCTION = YES;
				GCC_WARN_UNUSED_VARIABLE = YES;
				IPHONEOS_DEPLOYMENT_TARGET = 12.1;
				MTL_ENABLE_DEBUG_INFO = INCLUDE_SOURCE;
				MTL_FAST_MATH = YES;
				ONLY_ACTIVE_ARCH = YES;
				SDKROOT = iphoneos;
				SWIFT_ACTIVE_COMPILATION_CONDITIONS = DEBUG;
				SWIFT_OPTIMIZATION_LEVEL = "-Onone";
			};
			name = Debug;
		};
		1A50029F2355D0BC00B4447C /* Release */ = {
			isa = XCBuildConfiguration;
			buildSettings = {
				ALWAYS_SEARCH_USER_PATHS = NO;
				CLANG_ANALYZER_NONNULL = YES;
				CLANG_ANALYZER_NUMBER_OBJECT_CONVERSION = YES_AGGRESSIVE;
				CLANG_CXX_LANGUAGE_STANDARD = "gnu++14";
				CLANG_CXX_LIBRARY = "libc++";
				CLANG_ENABLE_MODULES = YES;
				CLANG_ENABLE_OBJC_ARC = YES;
				CLANG_ENABLE_OBJC_WEAK = YES;
				CLANG_WARN_BLOCK_CAPTURE_AUTORELEASING = YES;
				CLANG_WARN_BOOL_CONVERSION = YES;
				CLANG_WARN_COMMA = YES;
				CLANG_WARN_CONSTANT_CONVERSION = YES;
				CLANG_WARN_DEPRECATED_OBJC_IMPLEMENTATIONS = YES;
				CLANG_WARN_DIRECT_OBJC_ISA_USAGE = YES_ERROR;
				CLANG_WARN_DOCUMENTATION_COMMENTS = YES;
				CLANG_WARN_EMPTY_BODY = YES;
				CLANG_WARN_ENUM_CONVERSION = YES;
				CLANG_WARN_INFINITE_RECURSION = YES;
				CLANG_WARN_INT_CONVERSION = YES;
				CLANG_WARN_NON_LITERAL_NULL_CONVERSION = YES;
				CLANG_WARN_OBJC_IMPLICIT_RETAIN_SELF = YES;
				CLANG_WARN_OBJC_LITERAL_CONVERSION = YES;
				CLANG_WARN_OBJC_ROOT_CLASS = YES_ERROR;
				CLANG_WARN_RANGE_LOOP_ANALYSIS = YES;
				CLANG_WARN_STRICT_PROTOTYPES = YES;
				CLANG_WARN_SUSPICIOUS_MOVE = YES;
				CLANG_WARN_UNGUARDED_AVAILABILITY = YES_AGGRESSIVE;
				CLANG_WARN_UNREACHABLE_CODE = YES;
				CLANG_WARN__DUPLICATE_METHOD_MATCH = YES;
				CODE_SIGN_IDENTITY = "iPhone Developer";
				COPY_PHASE_STRIP = NO;
				DEBUG_INFORMATION_FORMAT = "dwarf-with-dsym";
				ENABLE_NS_ASSERTIONS = NO;
				ENABLE_STRICT_OBJC_MSGSEND = YES;
				GCC_C_LANGUAGE_STANDARD = gnu11;
				GCC_NO_COMMON_BLOCKS = YES;
				GCC_WARN_64_TO_32_BIT_CONVERSION = YES;
				GCC_WARN_ABOUT_RETURN_TYPE = YES_ERROR;
				GCC_WARN_UNDECLARED_SELECTOR = YES;
				GCC_WARN_UNINITIALIZED_AUTOS = YES_AGGRESSIVE;
				GCC_WARN_UNUSED_FUNCTION = YES;
				GCC_WARN_UNUSED_VARIABLE = YES;
				IPHONEOS_DEPLOYMENT_TARGET = 12.1;
				MTL_ENABLE_DEBUG_INFO = NO;
				MTL_FAST_MATH = YES;
				SDKROOT = iphoneos;
				SWIFT_COMPILATION_MODE = wholemodule;
				SWIFT_OPTIMIZATION_LEVEL = "-O";
				VALIDATE_PRODUCT = YES;
			};
			name = Release;
		};
		1A5002A12355D0BC00B4447C /* Debug */ = {
			isa = XCBuildConfiguration;
			buildSettings = {
				ASSETCATALOG_COMPILER_APPICON_NAME = AppIcon;
				CODE_SIGN_STYLE = Automatic;
				DEVELOPMENT_TEAM = N328N2YE4V;
				INFOPLIST_FILE = webViewDemo/Info.plist;
				IPHONEOS_DEPLOYMENT_TARGET = 11.0;
				LD_RUNPATH_SEARCH_PATHS = (
					"$(inherited)",
					"@executable_path/Frameworks",
				);
				PRODUCT_BUNDLE_IDENTIFIER = com.lemon.webViewDemo;
				PRODUCT_NAME = "$(TARGET_NAME)";
				SWIFT_VERSION = 4.2;
				TARGETED_DEVICE_FAMILY = "1,2";
			};
			name = Debug;
		};
		1A5002A22355D0BC00B4447C /* Release */ = {
			isa = XCBuildConfiguration;
			buildSettings = {
				ASSETCATALOG_COMPILER_APPICON_NAME = AppIcon;
				CODE_SIGN_STYLE = Automatic;
				DEVELOPMENT_TEAM = N328N2YE4V;
				INFOPLIST_FILE = webViewDemo/Info.plist;
				IPHONEOS_DEPLOYMENT_TARGET = 11.0;
				LD_RUNPATH_SEARCH_PATHS = (
					"$(inherited)",
					"@executable_path/Frameworks",
				);
				PRODUCT_BUNDLE_IDENTIFIER = com.lemon.webViewDemo;
				PRODUCT_NAME = "$(TARGET_NAME)";
				SWIFT_VERSION = 4.2;
				TARGETED_DEVICE_FAMILY = "1,2";
			};
			name = Release;
		};
/* End XCBuildConfiguration section */

/* Begin XCConfigurationList section */
		1A5002892355D0BA00B4447C /* Build configuration list for PBXProject "webViewDemo" */ = {
			isa = XCConfigurationList;
			buildConfigurations = (
				1A50029E2355D0BC00B4447C /* Debug */,
				1A50029F2355D0BC00B4447C /* Release */,
			);
			defaultConfigurationIsVisible = 0;
			defaultConfigurationName = Release;
		};
		1A5002A02355D0BC00B4447C /* Build configuration list for PBXNativeTarget "webViewDemo" */ = {
			isa = XCConfigurationList;
			buildConfigurations = (
				1A5002A12355D0BC00B4447C /* Debug */,
				1A5002A22355D0BC00B4447C /* Release */,
			);
			defaultConfigurationIsVisible = 0;
			defaultConfigurationName = Release;
		};
/* End XCConfigurationList section */
	};
	rootObject = 1A5002862355D0BA00B4447C /* Project object */;
}
