// !$*UTF8*$!
{
	archiveVersion = 1;
	classes = {
	};
	objectVersion = 50;
	objects = {

/* Begin PBXBuildFile section */
		1A415A6A21956D14001DBDE2 /* AppDelegate.swift in Sources */ = {isa = PBXBuildFile; fileRef = 1A415A6921956D14001DBDE2 /* AppDelegate.swift */; };
		1A415A6C21956D14001DBDE2 /* ViewController.swift in Sources */ = {isa = PBXBuildFile; fileRef = 1A415A6B21956D14001DBDE2 /* ViewController.swift */; };
		1A415A6F21956D14001DBDE2 /* Main.storyboard in Resources */ = {isa = PBXBuildFile; fileRef = 1A415A6D21956D14001DBDE2 /* Main.storyboard */; };
		1A415A7121956D15001DBDE2 /* Assets.xcassets in Resources */ = {isa = PBXBuildFile; fileRef = 1A415A7021956D15001DBDE2 /* Assets.xcassets */; };
		1A415A7421956D15001DBDE2 /* LaunchScreen.storyboard in Resources */ = {isa = PBXBuildFile; fileRef = 1A415A7221956D15001DBDE2 /* LaunchScreen.storyboard */; };
		1A415A7C21956E1C001DBDE2 /* TBLog.swift in Sources */ = {isa = PBXBuildFile; fileRef = 1A415A7B21956E1C001DBDE2 /* TBLog.swift */; };
		1A415A8321957352001DBDE2 /* WBCLog.m in Sources */ = {isa = PBXBuildFile; fileRef = 1A415A8021957352001DBDE2 /* WBCLog.m */; };
		1A415A8421957352001DBDE2 /* WBCSandbox.m in Sources */ = {isa = PBXBuildFile; fileRef = 1A415A8221957352001DBDE2 /* WBCSandbox.m */; };
		1A415A8721957D61001DBDE2 /* LogUpgradeErrorHelper.m in Sources */ = {isa = PBXBuildFile; fileRef = 1A415A8621957D61001DBDE2 /* LogUpgradeErrorHelper.m */; };
/* End PBXBuildFile section */

/* Begin PBXFileReference section */
		1A415A6621956D14001DBDE2 /* TBLogDemo.app */ = {isa = PBXFileReference; explicitFileType = wrapper.application; includeInIndex = 0; path = TBLogDemo.app; sourceTree = BUILT_PRODUCTS_DIR; };
		1A415A6921956D14001DBDE2 /* AppDelegate.swift */ = {isa = PBXFileReference; lastKnownFileType = sourcecode.swift; path = AppDelegate.swift; sourceTree = "<group>"; };
		1A415A6B21956D14001DBDE2 /* ViewController.swift */ = {isa = PBXFileReference; lastKnownFileType = sourcecode.swift; path = ViewController.swift; sourceTree = "<group>"; };
		1A415A6E21956D14001DBDE2 /* Base */ = {isa = PBXFileReference; lastKnownFileType = file.storyboard; name = Base; path = Base.lproj/Main.storyboard; sourceTree = "<group>"; };
		1A415A7021956D15001DBDE2 /* Assets.xcassets */ = {isa = PBXFileReference; lastKnownFileType = folder.assetcatalog; path = Assets.xcassets; sourceTree = "<group>"; };
		1A415A7321956D15001DBDE2 /* Base */ = {isa = PBXFileReference; lastKnownFileType = file.storyboard; name = Base; path = Base.lproj/LaunchScreen.storyboard; sourceTree = "<group>"; };
		1A415A7521956D15001DBDE2 /* Info.plist */ = {isa = PBXFileReference; lastKnownFileType = text.plist.xml; path = Info.plist; sourceTree = "<group>"; };
		1A415A7B21956E1C001DBDE2 /* TBLog.swift */ = {isa = PBXFileReference; lastKnownFileType = sourcecode.swift; path = TBLog.swift; sourceTree = "<group>"; };
		1A415A7D21957351001DBDE2 /* TBLogDemo-Bridging-Header.h */ = {isa = PBXFileReference; lastKnownFileType = sourcecode.c.h; path = "TBLogDemo-Bridging-Header.h"; sourceTree = "<group>"; };
		1A415A7E21957352001DBDE2 /* WBCLog.h */ = {isa = PBXFileReference; fileEncoding = 4; lastKnownFileType = sourcecode.c.h; path = WBCLog.h; sourceTree = "<group>"; };
		1A415A7F21957352001DBDE2 /* WBCLogMacros.h */ = {isa = PBXFileReference; fileEncoding = 4; lastKnownFileType = sourcecode.c.h; path = WBCLogMacros.h; sourceTree = "<group>"; };
		1A415A8021957352001DBDE2 /* WBCLog.m */ = {isa = PBXFileReference; fileEncoding = 4; lastKnownFileType = sourcecode.c.objc; path = WBCLog.m; sourceTree = "<group>"; };
		1A415A8121957352001DBDE2 /* WBCSandbox.h */ = {isa = PBXFileReference; fileEncoding = 4; lastKnownFileType = sourcecode.c.h; path = WBCSandbox.h; sourceTree = "<group>"; };
		1A415A8221957352001DBDE2 /* WBCSandbox.m */ = {isa = PBXFileReference; fileEncoding = 4; lastKnownFileType = sourcecode.c.objc; path = WBCSandbox.m; sourceTree = "<group>"; };
		1A415A8521957D61001DBDE2 /* LogUpgradeErrorHelper.h */ = {isa = PBXFileReference; fileEncoding = 4; lastKnownFileType = sourcecode.c.h; path = LogUpgradeErrorHelper.h; sourceTree = "<group>"; };
		1A415A8621957D61001DBDE2 /* LogUpgradeErrorHelper.m */ = {isa = PBXFileReference; fileEncoding = 4; lastKnownFileType = sourcecode.c.objc; path = LogUpgradeErrorHelper.m; sourceTree = "<group>"; };
/* End PBXFileReference section */

/* Begin PBXFrameworksBuildPhase section */
		1A415A6321956D14001DBDE2 /* Frameworks */ = {
			isa = PBXFrameworksBuildPhase;
			buildActionMask = 2147483647;
			files = (
			);
			runOnlyForDeploymentPostprocessing = 0;
		};
/* End PBXFrameworksBuildPhase section */

/* Begin PBXGroup section */
		1A415A5D21956D14001DBDE2 = {
			isa = PBXGroup;
			children = (
				1A415A6821956D14001DBDE2 /* TBLogDemo */,
				1A415A6721956D14001DBDE2 /* Products */,
			);
			sourceTree = "<group>";
		};
		1A415A6721956D14001DBDE2 /* Products */ = {
			isa = PBXGroup;
			children = (
				1A415A6621956D14001DBDE2 /* TBLogDemo.app */,
			);
			name = Products;
			sourceTree = "<group>";
		};
		1A415A6821956D14001DBDE2 /* TBLogDemo */ = {
			isa = PBXGroup;
			children = (
				1A415A6921956D14001DBDE2 /* AppDelegate.swift */,
				1A415A6B21956D14001DBDE2 /* ViewController.swift */,
				1A415A7B21956E1C001DBDE2 /* TBLog.swift */,
				1A415A7E21957352001DBDE2 /* WBCLog.h */,
				1A415A8021957352001DBDE2 /* WBCLog.m */,
				1A415A7F21957352001DBDE2 /* WBCLogMacros.h */,
				1A415A8121957352001DBDE2 /* WBCSandbox.h */,
				1A415A8221957352001DBDE2 /* WBCSandbox.m */,
				1A415A8521957D61001DBDE2 /* LogUpgradeErrorHelper.h */,
				1A415A8621957D61001DBDE2 /* LogUpgradeErrorHelper.m */,
				1A415A6D21956D14001DBDE2 /* Main.storyboard */,
				1A415A7021956D15001DBDE2 /* Assets.xcassets */,
				1A415A7221956D15001DBDE2 /* LaunchScreen.storyboard */,
				1A415A7521956D15001DBDE2 /* Info.plist */,
				1A415A7D21957351001DBDE2 /* TBLogDemo-Bridging-Header.h */,
			);
			path = TBLogDemo;
			sourceTree = "<group>";
		};
/* End PBXGroup section */

/* Begin PBXNativeTarget section */
		1A415A6521956D14001DBDE2 /* TBLogDemo */ = {
			isa = PBXNativeTarget;
			buildConfigurationList = 1A415A7821956D15001DBDE2 /* Build configuration list for PBXNativeTarget "TBLogDemo" */;
			buildPhases = (
				1A415A6221956D14001DBDE2 /* Sources */,
				1A415A6321956D14001DBDE2 /* Frameworks */,
				1A415A6421956D14001DBDE2 /* Resources */,
			);
			buildRules = (
			);
			dependencies = (
			);
			name = TBLogDemo;
			productName = TBLogDemo;
			productReference = 1A415A6621956D14001DBDE2 /* TBLogDemo.app */;
			productType = "com.apple.product-type.application";
		};
/* End PBXNativeTarget section */

/* Begin PBXProject section */
		1A415A5E21956D14001DBDE2 /* Project object */ = {
			isa = PBXProject;
			attributes = {
				LastSwiftUpdateCheck = 0940;
				LastUpgradeCheck = 0940;
				ORGANIZATIONNAME = ICloud;
				TargetAttributes = {
					1A415A6521956D14001DBDE2 = {
						CreatedOnToolsVersion = 9.4;
						LastSwiftMigration = 0940;
					};
				};
			};
			buildConfigurationList = 1A415A6121956D14001DBDE2 /* Build configuration list for PBXProject "TBLogDemo" */;
			compatibilityVersion = "Xcode 9.3";
			developmentRegion = en;
			hasScannedForEncodings = 0;
			knownRegions = (
				en,
				Base,
			);
			mainGroup = 1A415A5D21956D14001DBDE2;
			productRefGroup = 1A415A6721956D14001DBDE2 /* Products */;
			projectDirPath = "";
			projectRoot = "";
			targets = (
				1A415A6521956D14001DBDE2 /* TBLogDemo */,
			);
		};
/* End PBXProject section */

/* Begin PBXResourcesBuildPhase section */
		1A415A6421956D14001DBDE2 /* Resources */ = {
			isa = PBXResourcesBuildPhase;
			buildActionMask = 2147483647;
			files = (
				1A415A7421956D15001DBDE2 /* LaunchScreen.storyboard in Resources */,
				1A415A7121956D15001DBDE2 /* Assets.xcassets in Resources */,
				1A415A6F21956D14001DBDE2 /* Main.storyboard in Resources */,
			);
			runOnlyForDeploymentPostprocessing = 0;
		};
/* End PBXResourcesBuildPhase section */

/* Begin PBXSourcesBuildPhase section */
		1A415A6221956D14001DBDE2 /* Sources */ = {
			isa = PBXSourcesBuildPhase;
			buildActionMask = 2147483647;
			files = (
				1A415A7C21956E1C001DBDE2 /* TBLog.swift in Sources */,
				1A415A8421957352001DBDE2 /* WBCSandbox.m in Sources */,
				1A415A8721957D61001DBDE2 /* LogUpgradeErrorHelper.m in Sources */,
				1A415A8321957352001DBDE2 /* WBCLog.m in Sources */,
				1A415A6C21956D14001DBDE2 /* ViewController.swift in Sources */,
				1A415A6A21956D14001DBDE2 /* AppDelegate.swift in Sources */,
			);
			runOnlyForDeploymentPostprocessing = 0;
		};
/* End PBXSourcesBuildPhase section */

/* Begin PBXVariantGroup section */
		1A415A6D21956D14001DBDE2 /* Main.storyboard */ = {
			isa = PBXVariantGroup;
			children = (
				1A415A6E21956D14001DBDE2 /* Base */,
			);
			name = Main.storyboard;
			sourceTree = "<group>";
		};
		1A415A7221956D15001DBDE2 /* LaunchScreen.storyboard */ = {
			isa = PBXVariantGroup;
			children = (
				1A415A7321956D15001DBDE2 /* Base */,
			);
			name = LaunchScreen.storyboard;
			sourceTree = "<group>";
		};
/* End PBXVariantGroup section */

/* Begin XCBuildConfiguration section */
		1A415A7621956D15001DBDE2 /* Debug */ = {
			isa = XCBuildConfiguration;
			buildSettings = {
				ALWAYS_SEARCH_USER_PATHS = NO;
				CLANG_ANALYZER_NONNULL = YES;
				CLANG_ANALYZER_NUMBER_OBJECT_CONVERSION = YES_AGGRESSIVE;
				CLANG_CXX_LANGUAGE_STANDARD = "gnu++14";
				CLANG_CXX_LIBRARY = "libc++";
				CLANG_ENABLE_MODULES = YES;
				CLANG_ENABLE_OBJC_ARC = YES;
				CLANG_ENABLE_OBJC_WEAK = YES;
				CLANG_WARN_BLOCK_CAPTURE_AUTORELEASING = YES;
				CLANG_WARN_BOOL_CONVERSION = YES;
				CLANG_WARN_COMMA = YES;
				CLANG_WARN_CONSTANT_CONVERSION = YES;
				CLANG_WARN_DEPRECATED_OBJC_IMPLEMENTATIONS = YES;
				CLANG_WARN_DIRECT_OBJC_ISA_USAGE = YES_ERROR;
				CLANG_WARN_DOCUMENTATION_COMMENTS = YES;
				CLANG_WARN_EMPTY_BODY = YES;
				CLANG_WARN_ENUM_CONVERSION = YES;
				CLANG_WARN_INFINITE_RECURSION = YES;
				CLANG_WARN_INT_CONVERSION = YES;
				CLANG_WARN_NON_LITERAL_NULL_CONVERSION = YES;
				CLANG_WARN_OBJC_IMPLICIT_RETAIN_SELF = YES;
				CLANG_WARN_OBJC_LITERAL_CONVERSION = YES;
				CLANG_WARN_OBJC_ROOT_CLASS = YES_ERROR;
				CLANG_WARN_RANGE_LOOP_ANALYSIS = YES;
				CLANG_WARN_STRICT_PROTOTYPES = YES;
				CLANG_WARN_SUSPICIOUS_MOVE = YES;
				CLANG_WARN_UNGUARDED_AVAILABILITY = YES_AGGRESSIVE;
				CLANG_WARN_UNREACHABLE_CODE = YES;
				CLANG_WARN__DUPLICATE_METHOD_MATCH = YES;
				CODE_SIGN_IDENTITY = "iPhone Developer";
				COPY_PHASE_STRIP = NO;
				DEBUG_INFORMATION_FORMAT = dwarf;
				ENABLE_STRICT_OBJC_MSGSEND = YES;
				ENABLE_TESTABILITY = YES;
				GCC_C_LANGUAGE_STANDARD = gnu11;
				GCC_DYNAMIC_NO_PIC = NO;
				GCC_NO_COMMON_BLOCKS = YES;
				GCC_OPTIMIZATION_LEVEL = 0;
				GCC_PREPROCESSOR_DEFINITIONS = (
					"DEBUG=1",
					"$(inherited)",
				);
				GCC_WARN_64_TO_32_BIT_CONVERSION = YES;
				GCC_WARN_ABOUT_RETURN_TYPE = YES_ERROR;
				GCC_WARN_UNDECLARED_SELECTOR = YES;
				GCC_WARN_UNINITIALIZED_AUTOS = YES_AGGRESSIVE;
				GCC_WARN_UNUSED_FUNCTION = YES;
				GCC_WARN_UNUSED_VARIABLE = YES;
				IPHONEOS_DEPLOYMENT_TARGET = 11.4;
				MTL_ENABLE_DEBUG_INFO = YES;
				ONLY_ACTIVE_ARCH = YES;
				SDKROOT = iphoneos;
				SWIFT_ACTIVE_COMPILATION_CONDITIONS = DEBUG;
				SWIFT_OPTIMIZATION_LEVEL = "-Onone";
			};
			name = Debug;
		};
		1A415A7721956D15001DBDE2 /* Release */ = {
			isa = XCBuildConfiguration;
			buildSettings = {
				ALWAYS_SEARCH_USER_PATHS = NO;
				CLANG_ANALYZER_NONNULL = YES;
				CLANG_ANALYZER_NUMBER_OBJECT_CONVERSION = YES_AGGRESSIVE;
				CLANG_CXX_LANGUAGE_STANDARD = "gnu++14";
				CLANG_CXX_LIBRARY = "libc++";
				CLANG_ENABLE_MODULES = YES;
				CLANG_ENABLE_OBJC_ARC = YES;
				CLANG_ENABLE_OBJC_WEAK = YES;
				CLANG_WARN_BLOCK_CAPTURE_AUTORELEASING = YES;
				CLANG_WARN_BOOL_CONVERSION = YES;
				CLANG_WARN_COMMA = YES;
				CLANG_WARN_CONSTANT_CONVERSION = YES;
				CLANG_WARN_DEPRECATED_OBJC_IMPLEMENTATIONS = YES;
				CLANG_WARN_DIRECT_OBJC_ISA_USAGE = YES_ERROR;
				CLANG_WARN_DOCUMENTATION_COMMENTS = YES;
				CLANG_WARN_EMPTY_BODY = YES;
				CLANG_WARN_ENUM_CONVERSION = YES;
				CLANG_WARN_INFINITE_RECURSION = YES;
				CLANG_WARN_INT_CONVERSION = YES;
				CLANG_WARN_NON_LITERAL_NULL_CONVERSION = YES;
				CLANG_WARN_OBJC_IMPLICIT_RETAIN_SELF = YES;
				CLANG_WARN_OBJC_LITERAL_CONVERSION = YES;
				CLANG_WARN_OBJC_ROOT_CLASS = YES_ERROR;
				CLANG_WARN_RANGE_LOOP_ANALYSIS = YES;
				CLANG_WARN_STRICT_PROTOTYPES = YES;
				CLANG_WARN_SUSPICIOUS_MOVE = YES;
				CLANG_WARN_UNGUARDED_AVAILABILITY = YES_AGGRESSIVE;
				CLANG_WARN_UNREACHABLE_CODE = YES;
				CLANG_WARN__DUPLICATE_METHOD_MATCH = YES;
				CODE_SIGN_IDENTITY = "iPhone Developer";
				COPY_PHASE_STRIP = NO;
				DEBUG_INFORMATION_FORMAT = "dwarf-with-dsym";
				ENABLE_NS_ASSERTIONS = NO;
				ENABLE_STRICT_OBJC_MSGSEND = YES;
				GCC_C_LANGUAGE_STANDARD = gnu11;
				GCC_NO_COMMON_BLOCKS = YES;
				GCC_WARN_64_TO_32_BIT_CONVERSION = YES;
				GCC_WARN_ABOUT_RETURN_TYPE = YES_ERROR;
				GCC_WARN_UNDECLARED_SELECTOR = YES;
				GCC_WARN_UNINITIALIZED_AUTOS = YES_AGGRESSIVE;
				GCC_WARN_UNUSED_FUNCTION = YES;
				GCC_WARN_UNUSED_VARIABLE = YES;
				IPHONEOS_DEPLOYMENT_TARGET = 11.4;
				MTL_ENABLE_DEBUG_INFO = NO;
				SDKROOT = iphoneos;
				SWIFT_COMPILATION_MODE = wholemodule;
				SWIFT_OPTIMIZATION_LEVEL = "-O";
				VALIDATE_PRODUCT = YES;
			};
			name = Release;
		};
		1A415A7921956D15001DBDE2 /* Debug */ = {
			isa = XCBuildConfiguration;
			buildSettings = {
				ASSETCATALOG_COMPILER_APPICON_NAME = AppIcon;
				CLANG_ENABLE_MODULES = YES;
				CODE_SIGN_STYLE = Automatic;
				DEVELOPMENT_TEAM = N328N2YE4V;
				INFOPLIST_FILE = TBLogDemo/Info.plist;
				LD_RUNPATH_SEARCH_PATHS = (
					"$(inherited)",
					"@executable_path/Frameworks",
				);
				PRODUCT_BUNDLE_IDENTIFIER = com.lemon.TBLogDemo;
				PRODUCT_NAME = "$(TARGET_NAME)";
				SWIFT_OBJC_BRIDGING_HEADER = "TBLogDemo/TBLogDemo-Bridging-Header.h";
				SWIFT_OPTIMIZATION_LEVEL = "-Onone";
				SWIFT_VERSION = 4.0;
				TARGETED_DEVICE_FAMILY = "1,2";
			};
			name = Debug;
		};
		1A415A7A21956D15001DBDE2 /* Release */ = {
			isa = XCBuildConfiguration;
			buildSettings = {
				ASSETCATALOG_COMPILER_APPICON_NAME = AppIcon;
				CLANG_ENABLE_MODULES = YES;
				CODE_SIGN_STYLE = Automatic;
				DEVELOPMENT_TEAM = N328N2YE4V;
				INFOPLIST_FILE = TBLogDemo/Info.plist;
				LD_RUNPATH_SEARCH_PATHS = (
					"$(inherited)",
					"@executable_path/Frameworks",
				);
				PRODUCT_BUNDLE_IDENTIFIER = com.lemon.TBLogDemo;
				PRODUCT_NAME = "$(TARGET_NAME)";
				SWIFT_OBJC_BRIDGING_HEADER = "TBLogDemo/TBLogDemo-Bridging-Header.h";
				SWIFT_VERSION = 4.0;
				TARGETED_DEVICE_FAMILY = "1,2";
			};
			name = Release;
		};
/* End XCBuildConfiguration section */

/* Begin XCConfigurationList section */
		1A415A6121956D14001DBDE2 /* Build configuration list for PBXProject "TBLogDemo" */ = {
			isa = XCConfigurationList;
			buildConfigurations = (
				1A415A7621956D15001DBDE2 /* Debug */,
				1A415A7721956D15001DBDE2 /* Release */,
			);
			defaultConfigurationIsVisible = 0;
			defaultConfigurationName = Release;
		};
		1A415A7821956D15001DBDE2 /* Build configuration list for PBXNativeTarget "TBLogDemo" */ = {
			isa = XCConfigurationList;
			buildConfigurations = (
				1A415A7921956D15001DBDE2 /* Debug */,
				1A415A7A21956D15001DBDE2 /* Release */,
			);
			defaultConfigurationIsVisible = 0;
			defaultConfigurationName = Release;
		};
/* End XCConfigurationList section */
	};
	rootObject = 1A415A5E21956D14001DBDE2 /* Project object */;
}
