// !$*UTF8*$!
{
	archiveVersion = 1;
	classes = {
	};
	objectVersion = 50;
	objects = {

/* Begin PBXBuildFile section */
		1A1158EC235FE47C00E47007 /* ExternalAccessory.framework in Frameworks */ = {isa = PBXBuildFile; fileRef = 1A1158EB235FE47C00E47007 /* ExternalAccessory.framework */; };
		1A11937F234ED40400A995FB /* AppDelegate.swift in Sources */ = {isa = PBXBuildFile; fileRef = 1A11937E234ED40400A995FB /* AppDelegate.swift */; };
		1A119381234ED40400A995FB /* SceneDelegate.swift in Sources */ = {isa = PBXBuildFile; fileRef = 1A119380234ED40400A995FB /* SceneDelegate.swift */; };
		1A119383234ED40400A995FB /* ViewController.swift in Sources */ = {isa = PBXBuildFile; fileRef = 1A119382234ED40400A995FB /* ViewController.swift */; };
		1A119386234ED40400A995FB /* Main.storyboard in Resources */ = {isa = PBXBuildFile; fileRef = 1A119384234ED40400A995FB /* Main.storyboard */; };
		1A119388234ED40800A995FB /* Assets.xcassets in Resources */ = {isa = PBXBuildFile; fileRef = 1A119387234ED40800A995FB /* Assets.xcassets */; };
		1A11938B234ED40800A995FB /* LaunchScreen.storyboard in Resources */ = {isa = PBXBuildFile; fileRef = 1A119389234ED40800A995FB /* LaunchScreen.storyboard */; };
		1A1464E52353432C00EB7DA3 /* UserManager.swift in Sources */ = {isa = PBXBuildFile; fileRef = 1A1464E42353432B00EB7DA3 /* UserManager.swift */; };
		1AD345EE2355F291006ACA52 /* NetworkExtension.framework in Frameworks */ = {isa = PBXBuildFile; fileRef = 1AD345ED2355F291006ACA52 /* NetworkExtension.framework */; };
		1AF5046A2355C3A70049EBCE /* WebViewController.swift in Sources */ = {isa = PBXBuildFile; fileRef = 1AF504692355C3A70049EBCE /* WebViewController.swift */; };
		1AF5046C2355C4000049EBCE /* StoreViewController.swift in Sources */ = {isa = PBXBuildFile; fileRef = 1AF5046B2355C4000049EBCE /* StoreViewController.swift */; };
		1AF5046E2355CA950049EBCE /* WebKitViewController.swift in Sources */ = {isa = PBXBuildFile; fileRef = 1AF5046D2355CA940049EBCE /* WebKitViewController.swift */; };
/* End PBXBuildFile section */

/* Begin PBXFileReference section */
		1A1158EB235FE47C00E47007 /* ExternalAccessory.framework */ = {isa = PBXFileReference; lastKnownFileType = wrapper.framework; name = ExternalAccessory.framework; path = System/Library/Frameworks/ExternalAccessory.framework; sourceTree = SDKROOT; };
		1A11937B234ED40400A995FB /* SignInWithApple.app */ = {isa = PBXFileReference; explicitFileType = wrapper.application; includeInIndex = 0; path = SignInWithApple.app; sourceTree = BUILT_PRODUCTS_DIR; };
		1A11937E234ED40400A995FB /* AppDelegate.swift */ = {isa = PBXFileReference; lastKnownFileType = sourcecode.swift; path = AppDelegate.swift; sourceTree = "<group>"; };
		1A119380234ED40400A995FB /* SceneDelegate.swift */ = {isa = PBXFileReference; lastKnownFileType = sourcecode.swift; path = SceneDelegate.swift; sourceTree = "<group>"; };
		1A119382234ED40400A995FB /* ViewController.swift */ = {isa = PBXFileReference; lastKnownFileType = sourcecode.swift; path = ViewController.swift; sourceTree = "<group>"; };
		1A119385234ED40400A995FB /* Base */ = {isa = PBXFileReference; lastKnownFileType = file.storyboard; name = Base; path = Base.lproj/Main.storyboard; sourceTree = "<group>"; };
		1A119387234ED40800A995FB /* Assets.xcassets */ = {isa = PBXFileReference; lastKnownFileType = folder.assetcatalog; path = Assets.xcassets; sourceTree = "<group>"; };
		1A11938A234ED40800A995FB /* Base */ = {isa = PBXFileReference; lastKnownFileType = file.storyboard; name = Base; path = Base.lproj/LaunchScreen.storyboard; sourceTree = "<group>"; };
		1A11938C234ED40800A995FB /* Info.plist */ = {isa = PBXFileReference; lastKnownFileType = text.plist.xml; path = Info.plist; sourceTree = "<group>"; };
		1A1464E42353432B00EB7DA3 /* UserManager.swift */ = {isa = PBXFileReference; fileEncoding = 4; lastKnownFileType = sourcecode.swift; path = UserManager.swift; sourceTree = "<group>"; };
		1A600F5123719D1F00D5DE22 /* zh-Hans */ = {isa = PBXFileReference; lastKnownFileType = text.plist.strings; name = "zh-Hans"; path = "zh-Hans.lproj/Main.strings"; sourceTree = "<group>"; };
		1A600F5223719D1F00D5DE22 /* zh-Hans */ = {isa = PBXFileReference; lastKnownFileType = text.plist.strings; name = "zh-Hans"; path = "zh-Hans.lproj/LaunchScreen.strings"; sourceTree = "<group>"; };
		1A9BB3F423506C0600A7E2A2 /* SignInWithApple.entitlements */ = {isa = PBXFileReference; lastKnownFileType = text.plist.entitlements; path = SignInWithApple.entitlements; sourceTree = "<group>"; };
		1AD345ED2355F291006ACA52 /* NetworkExtension.framework */ = {isa = PBXFileReference; lastKnownFileType = wrapper.framework; name = NetworkExtension.framework; path = System/Library/Frameworks/NetworkExtension.framework; sourceTree = SDKROOT; };
		1AF504692355C3A70049EBCE /* WebViewController.swift */ = {isa = PBXFileReference; fileEncoding = 4; lastKnownFileType = sourcecode.swift; path = WebViewController.swift; sourceTree = "<group>"; };
		1AF5046B2355C4000049EBCE /* StoreViewController.swift */ = {isa = PBXFileReference; lastKnownFileType = sourcecode.swift; path = StoreViewController.swift; sourceTree = "<group>"; };
		1AF5046D2355CA940049EBCE /* WebKitViewController.swift */ = {isa = PBXFileReference; lastKnownFileType = sourcecode.swift; path = WebKitViewController.swift; sourceTree = "<group>"; };
/* End PBXFileReference section */

/* Begin PBXFrameworksBuildPhase section */
		1A119378234ED40400A995FB /* Frameworks */ = {
			isa = PBXFrameworksBuildPhase;
			buildActionMask = 2147483647;
			files = (
				1A1158EC235FE47C00E47007 /* ExternalAccessory.framework in Frameworks */,
				1AD345EE2355F291006ACA52 /* NetworkExtension.framework in Frameworks */,
			);
			runOnlyForDeploymentPostprocessing = 0;
		};
/* End PBXFrameworksBuildPhase section */

/* Begin PBXGroup section */
		1A119372234ED40400A995FB = {
			isa = PBXGroup;
			children = (
				1A11937D234ED40400A995FB /* SignInWithApple */,
				1A11937C234ED40400A995FB /* Products */,
				1AD345EC2355F291006ACA52 /* Frameworks */,
			);
			sourceTree = "<group>";
		};
		1A11937C234ED40400A995FB /* Products */ = {
			isa = PBXGroup;
			children = (
				1A11937B234ED40400A995FB /* SignInWithApple.app */,
			);
			name = Products;
			sourceTree = "<group>";
		};
		1A11937D234ED40400A995FB /* SignInWithApple */ = {
			isa = PBXGroup;
			children = (
				1A9BB3F423506C0600A7E2A2 /* SignInWithApple.entitlements */,
				1A11937E234ED40400A995FB /* AppDelegate.swift */,
				1A119380234ED40400A995FB /* SceneDelegate.swift */,
				1A119382234ED40400A995FB /* ViewController.swift */,
				1AF5046B2355C4000049EBCE /* StoreViewController.swift */,
				1AF5046D2355CA940049EBCE /* WebKitViewController.swift */,
				1A1464E42353432B00EB7DA3 /* UserManager.swift */,
				1AF504692355C3A70049EBCE /* WebViewController.swift */,
				1A119384234ED40400A995FB /* Main.storyboard */,
				1A119387234ED40800A995FB /* Assets.xcassets */,
				1A119389234ED40800A995FB /* LaunchScreen.storyboard */,
				1A11938C234ED40800A995FB /* Info.plist */,
			);
			path = SignInWithApple;
			sourceTree = "<group>";
		};
		1AD345EC2355F291006ACA52 /* Frameworks */ = {
			isa = PBXGroup;
			children = (
				1A1158EB235FE47C00E47007 /* ExternalAccessory.framework */,
				1AD345ED2355F291006ACA52 /* NetworkExtension.framework */,
			);
			name = Frameworks;
			sourceTree = "<group>";
		};
/* End PBXGroup section */

/* Begin PBXNativeTarget section */
		1A11937A234ED40400A995FB /* SignInWithApple */ = {
			isa = PBXNativeTarget;
			buildConfigurationList = 1A11938F234ED40800A995FB /* Build configuration list for PBXNativeTarget "SignInWithApple" */;
			buildPhases = (
				1A119377234ED40400A995FB /* Sources */,
				1A119378234ED40400A995FB /* Frameworks */,
				1A119379234ED40400A995FB /* Resources */,
			);
			buildRules = (
			);
			dependencies = (
			);
			name = SignInWithApple;
			productName = SignInWithApple;
			productReference = 1A11937B234ED40400A995FB /* SignInWithApple.app */;
			productType = "com.apple.product-type.application";
		};
/* End PBXNativeTarget section */

/* Begin PBXProject section */
		1A119373234ED40400A995FB /* Project object */ = {
			isa = PBXProject;
			attributes = {
				LastSwiftUpdateCheck = 1100;
				LastUpgradeCheck = 1100;
				ORGANIZATIONNAME = ICloud;
				TargetAttributes = {
					1A11937A234ED40400A995FB = {
						CreatedOnToolsVersion = 11.0;
					};
				};
			};
			buildConfigurationList = 1A119376234ED40400A995FB /* Build configuration list for PBXProject "SignInWithApple" */;
			compatibilityVersion = "Xcode 9.3";
			developmentRegion = en;
			hasScannedForEncodings = 0;
			knownRegions = (
				en,
				Base,
				"zh-Hans",
			);
			mainGroup = 1A119372234ED40400A995FB;
			productRefGroup = 1A11937C234ED40400A995FB /* Products */;
			projectDirPath = "";
			projectRoot = "";
			targets = (
				1A11937A234ED40400A995FB /* SignInWithApple */,
			);
		};
/* End PBXProject section */

/* Begin PBXResourcesBuildPhase section */
		1A119379234ED40400A995FB /* Resources */ = {
			isa = PBXResourcesBuildPhase;
			buildActionMask = 2147483647;
			files = (
				1A11938B234ED40800A995FB /* LaunchScreen.storyboard in Resources */,
				1A119388234ED40800A995FB /* Assets.xcassets in Resources */,
				1A119386234ED40400A995FB /* Main.storyboard in Resources */,
			);
			runOnlyForDeploymentPostprocessing = 0;
		};
/* End PBXResourcesBuildPhase section */

/* Begin PBXSourcesBuildPhase section */
		1A119377234ED40400A995FB /* Sources */ = {
			isa = PBXSourcesBuildPhase;
			buildActionMask = 2147483647;
			files = (
				1A119383234ED40400A995FB /* ViewController.swift in Sources */,
				1A11937F234ED40400A995FB /* AppDelegate.swift in Sources */,
				1AF5046C2355C4000049EBCE /* StoreViewController.swift in Sources */,
				1AF5046E2355CA950049EBCE /* WebKitViewController.swift in Sources */,
				1A1464E52353432C00EB7DA3 /* UserManager.swift in Sources */,
				1AF5046A2355C3A70049EBCE /* WebViewController.swift in Sources */,
				1A119381234ED40400A995FB /* SceneDelegate.swift in Sources */,
			);
			runOnlyForDeploymentPostprocessing = 0;
		};
/* End PBXSourcesBuildPhase section */

/* Begin PBXVariantGroup section */
		1A119384234ED40400A995FB /* Main.storyboard */ = {
			isa = PBXVariantGroup;
			children = (
				1A119385234ED40400A995FB /* Base */,
				1A600F5123719D1F00D5DE22 /* zh-Hans */,
			);
			name = Main.storyboard;
			sourceTree = "<group>";
		};
		1A119389234ED40800A995FB /* LaunchScreen.storyboard */ = {
			isa = PBXVariantGroup;
			children = (
				1A11938A234ED40800A995FB /* Base */,
				1A600F5223719D1F00D5DE22 /* zh-Hans */,
			);
			name = LaunchScreen.storyboard;
			sourceTree = "<group>";
		};
/* End PBXVariantGroup section */

/* Begin XCBuildConfiguration section */
		1A11938D234ED40800A995FB /* Debug */ = {
			isa = XCBuildConfiguration;
			buildSettings = {
				ALWAYS_SEARCH_USER_PATHS = NO;
				CLANG_ANALYZER_LOCALIZABILITY_NONLOCALIZED = YES;
				CLANG_ANALYZER_NONNULL = YES;
				CLANG_ANALYZER_NUMBER_OBJECT_CONVERSION = YES_AGGRESSIVE;
				CLANG_CXX_LANGUAGE_STANDARD = "gnu++14";
				CLANG_CXX_LIBRARY = "libc++";
				CLANG_ENABLE_MODULES = YES;
				CLANG_ENABLE_OBJC_ARC = YES;
				CLANG_ENABLE_OBJC_WEAK = YES;
				CLANG_WARN_BLOCK_CAPTURE_AUTORELEASING = YES;
				CLANG_WARN_BOOL_CONVERSION = YES;
				CLANG_WARN_COMMA = YES;
				CLANG_WARN_CONSTANT_CONVERSION = YES;
				CLANG_WARN_DEPRECATED_OBJC_IMPLEMENTATIONS = YES;
				CLANG_WARN_DIRECT_OBJC_ISA_USAGE = YES_ERROR;
				CLANG_WARN_DOCUMENTATION_COMMENTS = YES;
				CLANG_WARN_EMPTY_BODY = YES;
				CLANG_WARN_ENUM_CONVERSION = YES;
				CLANG_WARN_INFINITE_RECURSION = YES;
				CLANG_WARN_INT_CONVERSION = YES;
				CLANG_WARN_NON_LITERAL_NULL_CONVERSION = YES;
				CLANG_WARN_OBJC_IMPLICIT_RETAIN_SELF = YES;
				CLANG_WARN_OBJC_LITERAL_CONVERSION = YES;
				CLANG_WARN_OBJC_ROOT_CLASS = YES_ERROR;
				CLANG_WARN_RANGE_LOOP_ANALYSIS = YES;
				CLANG_WARN_STRICT_PROTOTYPES = YES;
				CLANG_WARN_SUSPICIOUS_MOVE = YES;
				CLANG_WARN_UNGUARDED_AVAILABILITY = YES_AGGRESSIVE;
				CLANG_WARN_UNREACHABLE_CODE = YES;
				CLANG_WARN__DUPLICATE_METHOD_MATCH = YES;
				COPY_PHASE_STRIP = NO;
				DEBUG_INFORMATION_FORMAT = dwarf;
				ENABLE_STRICT_OBJC_MSGSEND = YES;
				ENABLE_TESTABILITY = YES;
				GCC_C_LANGUAGE_STANDARD = gnu11;
				GCC_DYNAMIC_NO_PIC = NO;
				GCC_NO_COMMON_BLOCKS = YES;
				GCC_OPTIMIZATION_LEVEL = 0;
				GCC_PREPROCESSOR_DEFINITIONS = (
					"DEBUG=1",
					"$(inherited)",
				);
				GCC_WARN_64_TO_32_BIT_CONVERSION = YES;
				GCC_WARN_ABOUT_RETURN_TYPE = YES_ERROR;
				GCC_WARN_UNDECLARED_SELECTOR = YES;
				GCC_WARN_UNINITIALIZED_AUTOS = YES_AGGRESSIVE;
				GCC_WARN_UNUSED_FUNCTION = YES;
				GCC_WARN_UNUSED_VARIABLE = YES;
				IPHONEOS_DEPLOYMENT_TARGET = 13.0;
				MTL_ENABLE_DEBUG_INFO = INCLUDE_SOURCE;
				MTL_FAST_MATH = YES;
				ONLY_ACTIVE_ARCH = YES;
				SDKROOT = iphoneos;
				SWIFT_ACTIVE_COMPILATION_CONDITIONS = DEBUG;
				SWIFT_OPTIMIZATION_LEVEL = "-Onone";
			};
			name = Debug;
		};
		1A11938E234ED40800A995FB /* Release */ = {
			isa = XCBuildConfiguration;
			buildSettings = {
				ALWAYS_SEARCH_USER_PATHS = NO;
				CLANG_ANALYZER_LOCALIZABILITY_NONLOCALIZED = YES;
				CLANG_ANALYZER_NONNULL = YES;
				CLANG_ANALYZER_NUMBER_OBJECT_CONVERSION = YES_AGGRESSIVE;
				CLANG_CXX_LANGUAGE_STANDARD = "gnu++14";
				CLANG_CXX_LIBRARY = "libc++";
				CLANG_ENABLE_MODULES = YES;
				CLANG_ENABLE_OBJC_ARC = YES;
				CLANG_ENABLE_OBJC_WEAK = YES;
				CLANG_WARN_BLOCK_CAPTURE_AUTORELEASING = YES;
				CLANG_WARN_BOOL_CONVERSION = YES;
				CLANG_WARN_COMMA = YES;
				CLANG_WARN_CONSTANT_CONVERSION = YES;
				CLANG_WARN_DEPRECATED_OBJC_IMPLEMENTATIONS = YES;
				CLANG_WARN_DIRECT_OBJC_ISA_USAGE = YES_ERROR;
				CLANG_WARN_DOCUMENTATION_COMMENTS = YES;
				CLANG_WARN_EMPTY_BODY = YES;
				CLANG_WARN_ENUM_CONVERSION = YES;
				CLANG_WARN_INFINITE_RECURSION = YES;
				CLANG_WARN_INT_CONVERSION = YES;
				CLANG_WARN_NON_LITERAL_NULL_CONVERSION = YES;
				CLANG_WARN_OBJC_IMPLICIT_RETAIN_SELF = YES;
				CLANG_WARN_OBJC_LITERAL_CONVERSION = YES;
				CLANG_WARN_OBJC_ROOT_CLASS = YES_ERROR;
				CLANG_WARN_RANGE_LOOP_ANALYSIS = YES;
				CLANG_WARN_STRICT_PROTOTYPES = YES;
				CLANG_WARN_SUSPICIOUS_MOVE = YES;
				CLANG_WARN_UNGUARDED_AVAILABILITY = YES_AGGRESSIVE;
				CLANG_WARN_UNREACHABLE_CODE = YES;
				CLANG_WARN__DUPLICATE_METHOD_MATCH = YES;
				COPY_PHASE_STRIP = NO;
				DEBUG_INFORMATION_FORMAT = "dwarf-with-dsym";
				ENABLE_NS_ASSERTIONS = NO;
				ENABLE_STRICT_OBJC_MSGSEND = YES;
				GCC_C_LANGUAGE_STANDARD = gnu11;
				GCC_NO_COMMON_BLOCKS = YES;
				GCC_WARN_64_TO_32_BIT_CONVERSION = YES;
				GCC_WARN_ABOUT_RETURN_TYPE = YES_ERROR;
				GCC_WARN_UNDECLARED_SELECTOR = YES;
				GCC_WARN_UNINITIALIZED_AUTOS = YES_AGGRESSIVE;
				GCC_WARN_UNUSED_FUNCTION = YES;
				GCC_WARN_UNUSED_VARIABLE = YES;
				IPHONEOS_DEPLOYMENT_TARGET = 13.0;
				MTL_ENABLE_DEBUG_INFO = NO;
				MTL_FAST_MATH = YES;
				SDKROOT = iphoneos;
				SWIFT_COMPILATION_MODE = wholemodule;
				SWIFT_OPTIMIZATION_LEVEL = "-O";
				VALIDATE_PRODUCT = YES;
			};
			name = Release;
		};
		1A119390234ED40800A995FB /* Debug */ = {
			isa = XCBuildConfiguration;
			buildSettings = {
				ASSETCATALOG_COMPILER_APPICON_NAME = AppIcon;
				CODE_SIGN_ENTITLEMENTS = SignInWithApple/SignInWithApple.entitlements;
				CODE_SIGN_IDENTITY = "iPhone Developer";
				CODE_SIGN_STYLE = Manual;
				DEVELOPMENT_TEAM = N328N2YE4V;
				INFOPLIST_FILE = SignInWithApple/Info.plist;
				IPHONEOS_DEPLOYMENT_TARGET = 13.0;
				LD_RUNPATH_SEARCH_PATHS = (
					"$(inherited)",
					"@executable_path/Frameworks",
				);
				PRODUCT_BUNDLE_IDENTIFIER = com.Cloud.signInWithApple;
				PRODUCT_NAME = "$(TARGET_NAME)";
				PROVISIONING_PROFILE_SPECIFIER = SignInAppleProfile;
				SWIFT_VERSION = 5.0;
				TARGETED_DEVICE_FAMILY = "1,2";
			};
			name = Debug;
		};
		1A119391234ED40800A995FB /* Release */ = {
			isa = XCBuildConfiguration;
			buildSettings = {
				ASSETCATALOG_COMPILER_APPICON_NAME = AppIcon;
				CODE_SIGN_ENTITLEMENTS = SignInWithApple/SignInWithApple.entitlements;
				CODE_SIGN_IDENTITY = "iPhone Developer";
				CODE_SIGN_STYLE = Manual;
				DEVELOPMENT_TEAM = N328N2YE4V;
				INFOPLIST_FILE = SignInWithApple/Info.plist;
				IPHONEOS_DEPLOYMENT_TARGET = 13.0;
				LD_RUNPATH_SEARCH_PATHS = (
					"$(inherited)",
					"@executable_path/Frameworks",
				);
				PRODUCT_BUNDLE_IDENTIFIER = com.Cloud.signInWithApple;
				PRODUCT_NAME = "$(TARGET_NAME)";
				PROVISIONING_PROFILE_SPECIFIER = SignInAppleProfile;
				SWIFT_VERSION = 5.0;
				TARGETED_DEVICE_FAMILY = "1,2";
			};
			name = Release;
		};
/* End XCBuildConfiguration section */

/* Begin XCConfigurationList section */
		1A119376234ED40400A995FB /* Build configuration list for PBXProject "SignInWithApple" */ = {
			isa = XCConfigurationList;
			buildConfigurations = (
				1A11938D234ED40800A995FB /* Debug */,
				1A11938E234ED40800A995FB /* Release */,
			);
			defaultConfigurationIsVisible = 0;
			defaultConfigurationName = Release;
		};
		1A11938F234ED40800A995FB /* Build configuration list for PBXNativeTarget "SignInWithApple" */ = {
			isa = XCConfigurationList;
			buildConfigurations = (
				1A119390234ED40800A995FB /* Debug */,
				1A119391234ED40800A995FB /* Release */,
			);
			defaultConfigurationIsVisible = 0;
			defaultConfigurationName = Release;
		};
/* End XCConfigurationList section */
	};
	rootObject = 1A119373234ED40400A995FB /* Project object */;
}
